
Microsoft Visual Studio Solution File, Format Version 12.00
# Visual Studio Version 17
VisualStudioVersion = 17.9.34607.119
MinimumVisualStudioVersion = 10.0.40219.1
Project("{2150E333-8FDC-42A3-9474-1A3956D46DE8}") = "Entrance", "Entrance", "{EFD69D9A-A6E5-4582-8E9B-5BEEFB649779}"
EndProject
Project("{9A19103F-16F7-4668-BE54-9A1E7A4F7556}") = "Aws_Login", "Aws_Login\Aws_Login.csproj", "{7976894C-C1ED-4378-969B-D73002115280}"
EndProject
Global
	GlobalSection(SolutionConfigurationPlatforms) = preSolution
		Debug|Any CPU = Debug|Any CPU
		Release|Any CPU = Release|Any CPU
	EndGlobalSection
	GlobalSection(ProjectConfigurationPlatforms) = postSolution
		{7976894C-C1ED-4378-969B-D73002115280}.Debug|Any CPU.ActiveCfg = Debug|Any CPU
		{7976894C-C1ED-4378-969B-D73002115280}.Debug|Any CPU.Build.0 = Debug|Any CPU
		{7976894C-C1ED-4378-969B-D73002115280}.Release|Any CPU.ActiveCfg = Release|Any CPU
		{7976894C-C1ED-4378-969B-D73002115280}.Release|Any CPU.Build.0 = Release|Any CPU
	EndGlobalSection
	GlobalSection(SolutionProperties) = preSolution
		HideSolutionNode = FALSE
	EndGlobalSection
	GlobalSection(NestedProjects) = preSolution
		{7976894C-C1ED-4378-969B-D73002115280} = {EFD69D9A-A6E5-4582-8E9B-5BEEFB649779}
	EndGlobalSection
	GlobalSection(ExtensibilityGlobals) = postSolution
		SolutionGuid = {75C2D0E0-CE82-41E9-8862-18B9946DA18B}
	EndGlobalSection
EndGlobal
